// !$*UTF8*$!
{
	archiveVersion = 1;
	classes = {
	};
	objectVersion = 51;
	objects = {

/* Begin PBXBuildFile section */
		4C6932F56FEF53A2A16B45D9 /* Pods_DSTextViewDemo.framework in Frameworks */ = {isa = PBXBuildFile; fileRef = EB8BF3B4B4724620F0093D01 /* Pods_DSTextViewDemo.framework */; };
		F143C822258B9C8D0015ED16 /* DemoViewController2.swift in Sources */ = {isa = PBXBuildFile; fileRef = F143C821258B9C8D0015ED16 /* DemoViewController2.swift */; };
		F143C825258B9C9B0015ED16 /* DemoViewController3.swift in Sources */ = {isa = PBXBuildFile; fileRef = F143C824258B9C9B0015ED16 /* DemoViewController3.swift */; };
		F143C828258B9CAD0015ED16 /* DemoViewController4.swift in Sources */ = {isa = PBXBuildFile; fileRef = F143C827258B9CAD0015ED16 /* DemoViewController4.swift */; };
		F143C830258BA5AA0015ED16 /* CustomView.swift in Sources */ = {isa = PBXBuildFile; fileRef = F143C82F258BA5AA0015ED16 /* CustomView.swift */; };
		F1891170258B5D4100476EDD /* AppDelegate.swift in Sources */ = {isa = PBXBuildFile; fileRef = F189116F258B5D4100476EDD /* AppDelegate.swift */; };
		F1891172258B5D4100476EDD /* SceneDelegate.swift in Sources */ = {isa = PBXBuildFile; fileRef = F1891171258B5D4100476EDD /* SceneDelegate.swift */; };
		F1891174258B5D4100476EDD /* ViewController.swift in Sources */ = {isa = PBXBuildFile; fileRef = F1891173258B5D4100476EDD /* ViewController.swift */; };
		F1891177258B5D4100476EDD /* Main.storyboard in Resources */ = {isa = PBXBuildFile; fileRef = F1891175258B5D4100476EDD /* Main.storyboard */; };
		F1891179258B5D4100476EDD /* Assets.xcassets in Resources */ = {isa = PBXBuildFile; fileRef = F1891178258B5D4100476EDD /* Assets.xcassets */; };
		F189117C258B5D4100476EDD /* LaunchScreen.storyboard in Resources */ = {isa = PBXBuildFile; fileRef = F189117A258B5D4100476EDD /* LaunchScreen.storyboard */; };
		F1891192258B625000476EDD /* BaseViewController.swift in Sources */ = {isa = PBXBuildFile; fileRef = F189118D258B624F00476EDD /* BaseViewController.swift */; };
		F1891193258B625000476EDD /* RootViewController.swift in Sources */ = {isa = PBXBuildFile; fileRef = F189118E258B624F00476EDD /* RootViewController.swift */; };
		F1891194258B625000476EDD /* DemoViewController1.swift in Sources */ = {isa = PBXBuildFile; fileRef = F189118F258B624F00476EDD /* DemoViewController1.swift */; };
/* End PBXBuildFile section */

/* Begin PBXFileReference section */
		03ED3269A7A1D5257A5F13B8 /* Pods-DSTextViewDemo.debug.xcconfig */ = {isa = PBXFileReference; includeInIndex = 1; lastKnownFileType = text.xcconfig; name = "Pods-DSTextViewDemo.debug.xcconfig"; path = "Target Support Files/Pods-DSTextViewDemo/Pods-DSTextViewDemo.debug.xcconfig"; sourceTree = "<group>"; };
		881B1F0FFD19E77EC09DED2B /* Pods-DSTextViewDemo.release.xcconfig */ = {isa = PBXFileReference; includeInIndex = 1; lastKnownFileType = text.xcconfig; name = "Pods-DSTextViewDemo.release.xcconfig"; path = "Target Support Files/Pods-DSTextViewDemo/Pods-DSTextViewDemo.release.xcconfig"; sourceTree = "<group>"; };
		EB8BF3B4B4724620F0093D01 /* Pods_DSTextViewDemo.framework */ = {isa = PBXFileReference; explicitFileType = wrapper.framework; includeInIndex = 0; path = Pods_DSTextViewDemo.framework; sourceTree = BUILT_PRODUCTS_DIR; };
		F143C821258B9C8D0015ED16 /* DemoViewController2.swift */ = {isa = PBXFileReference; lastKnownFileType = sourcecode.swift; path = DemoViewController2.swift; sourceTree = "<group>"; };
		F143C824258B9C9B0015ED16 /* DemoViewController3.swift */ = {isa = PBXFileReference; lastKnownFileType = sourcecode.swift; path = DemoViewController3.swift; sourceTree = "<group>"; };
		F143C827258B9CAD0015ED16 /* DemoViewController4.swift */ = {isa = PBXFileReference; lastKnownFileType = sourcecode.swift; path = DemoViewController4.swift; sourceTree = "<group>"; };
		F143C82F258BA5AA0015ED16 /* CustomView.swift */ = {isa = PBXFileReference; lastKnownFileType = sourcecode.swift; path = CustomView.swift; sourceTree = "<group>"; };
		F189116C258B5D4100476EDD /* DSTextViewDemo.app */ = {isa = PBXFileReference; explicitFileType = wrapper.application; includeInIndex = 0; path = DSTextViewDemo.app; sourceTree = BUILT_PRODUCTS_DIR; };
		F189116F258B5D4100476EDD /* AppDelegate.swift */ = {isa = PBXFileReference; lastKnownFileType = sourcecode.swift; path = AppDelegate.swift; sourceTree = "<group>"; };
		F1891171258B5D4100476EDD /* SceneDelegate.swift */ = {isa = PBXFileReference; lastKnownFileType = sourcecode.swift; path = SceneDelegate.swift; sourceTree = "<group>"; };
		F1891173258B5D4100476EDD /* ViewController.swift */ = {isa = PBXFileReference; lastKnownFileType = sourcecode.swift; path = ViewController.swift; sourceTree = "<group>"; };
		F1891176258B5D4100476EDD /* Base */ = {isa = PBXFileReference; lastKnownFileType = file.storyboard; name = Base; path = Base.lproj/Main.storyboard; sourceTree = "<group>"; };
		F1891178258B5D4100476EDD /* Assets.xcassets */ = {isa = PBXFileReference; lastKnownFileType = folder.assetcatalog; path = Assets.xcassets; sourceTree = "<group>"; };
		F189117B258B5D4100476EDD /* Base */ = {isa = PBXFileReference; lastKnownFileType = file.storyboard; name = Base; path = Base.lproj/LaunchScreen.storyboard; sourceTree = "<group>"; };
		F189117D258B5D4100476EDD /* Info.plist */ = {isa = PBXFileReference; lastKnownFileType = text.plist.xml; path = Info.plist; sourceTree = "<group>"; };
		F189118D258B624F00476EDD /* BaseViewController.swift */ = {isa = PBXFileReference; fileEncoding = 4; lastKnownFileType = sourcecode.swift; path = BaseViewController.swift; sourceTree = "<group>"; };
		F189118E258B624F00476EDD /* RootViewController.swift */ = {isa = PBXFileReference; fileEncoding = 4; lastKnownFileType = sourcecode.swift; path = RootViewController.swift; sourceTree = "<group>"; };
		F189118F258B624F00476EDD /* DemoViewController1.swift */ = {isa = PBXFileReference; fileEncoding = 4; lastKnownFileType = sourcecode.swift; path = DemoViewController1.swift; sourceTree = "<group>"; };
/* End PBXFileReference section */

/* Begin PBXFrameworksBuildPhase section */
		F1891169258B5D4100476EDD /* Frameworks */ = {
			isa = PBXFrameworksBuildPhase;
			buildActionMask = 2147483647;
			files = (
				4C6932F56FEF53A2A16B45D9 /* Pods_DSTextViewDemo.framework in Frameworks */,
			);
			runOnlyForDeploymentPostprocessing = 0;
		};
/* End PBXFrameworksBuildPhase section */

/* Begin PBXGroup section */
		1421EAB4894910FE96CB74A9 /* Pods */ = {
			isa = PBXGroup;
			children = (
				03ED3269A7A1D5257A5F13B8 /* Pods-DSTextViewDemo.debug.xcconfig */,
				881B1F0FFD19E77EC09DED2B /* Pods-DSTextViewDemo.release.xcconfig */,
			);
			path = Pods;
			sourceTree = "<group>";
		};
		8A204C847B190B369FE0AFA7 /* Frameworks */ = {
			isa = PBXGroup;
			children = (
				EB8BF3B4B4724620F0093D01 /* Pods_DSTextViewDemo.framework */,
			);
			name = Frameworks;
			sourceTree = "<group>";
		};
		F143C82E258BA5850015ED16 /* Views */ = {
			isa = PBXGroup;
			children = (
				F143C82F258BA5AA0015ED16 /* CustomView.swift */,
			);
			path = Views;
			sourceTree = "<group>";
		};
		F1891163258B5D4100476EDD = {
			isa = PBXGroup;
			children = (
				F189116E258B5D4100476EDD /* DSTextViewDemo */,
				F189116D258B5D4100476EDD /* Products */,
				1421EAB4894910FE96CB74A9 /* Pods */,
				8A204C847B190B369FE0AFA7 /* Frameworks */,
			);
			sourceTree = "<group>";
		};
		F189116D258B5D4100476EDD /* Products */ = {
			isa = PBXGroup;
			children = (
				F189116C258B5D4100476EDD /* DSTextViewDemo.app */,
			);
			name = Products;
			sourceTree = "<group>";
		};
		F189116E258B5D4100476EDD /* DSTextViewDemo */ = {
			isa = PBXGroup;
			children = (
				F189118A258B624F00476EDD /* Classes */,
				F189116F258B5D4100476EDD /* AppDelegate.swift */,
				F1891171258B5D4100476EDD /* SceneDelegate.swift */,
				F1891173258B5D4100476EDD /* ViewController.swift */,
				F1891175258B5D4100476EDD /* Main.storyboard */,
				F1891178258B5D4100476EDD /* Assets.xcassets */,
				F189117A258B5D4100476EDD /* LaunchScreen.storyboard */,
				F189117D258B5D4100476EDD /* Info.plist */,
			);
			path = DSTextViewDemo;
			sourceTree = "<group>";
		};
		F189118A258B624F00476EDD /* Classes */ = {
			isa = PBXGroup;
			children = (
				F189118B258B624F00476EDD /* Controllers */,
				F143C82E258BA5850015ED16 /* Views */,
			);
			path = Classes;
			sourceTree = "<group>";
		};
		F189118B258B624F00476EDD /* Controllers */ = {
			isa = PBXGroup;
			children = (
				F189118D258B624F00476EDD /* BaseViewController.swift */,
				F189118E258B624F00476EDD /* RootViewController.swift */,
				F189118F258B624F00476EDD /* DemoViewController1.swift */,
				F143C821258B9C8D0015ED16 /* DemoViewController2.swift */,
				F143C824258B9C9B0015ED16 /* DemoViewController3.swift */,
				F143C827258B9CAD0015ED16 /* DemoViewController4.swift */,
			);
			path = Controllers;
			sourceTree = "<group>";
		};
/* End PBXGroup section */

/* Begin PBXNativeTarget section */
		F189116B258B5D4100476EDD /* DSTextViewDemo */ = {
			isa = PBXNativeTarget;
			buildConfigurationList = F1891180258B5D4100476EDD /* Build configuration list for PBXNativeTarget "DSTextViewDemo" */;
			buildPhases = (
				3E1093658DD0B775D771FBF9 /* [CP] Check Pods Manifest.lock */,
				F1891168258B5D4100476EDD /* Sources */,
				F1891169258B5D4100476EDD /* Frameworks */,
				F189116A258B5D4100476EDD /* Resources */,
				A5E0AAAFA309AFE261CA1008 /* [CP] Embed Pods Frameworks */,
			);
			buildRules = (
			);
			dependencies = (
			);
			name = DSTextViewDemo;
			productName = DSTextViewDemo;
			productReference = F189116C258B5D4100476EDD /* DSTextViewDemo.app */;
			productType = "com.apple.product-type.application";
		};
/* End PBXNativeTarget section */

/* Begin PBXProject section */
		F1891164258B5D4100476EDD /* Project object */ = {
			isa = PBXProject;
			attributes = {
				LastSwiftUpdateCheck = 1230;
				LastUpgradeCheck = 1230;
				TargetAttributes = {
					F189116B258B5D4100476EDD = {
						CreatedOnToolsVersion = 12.3;
					};
				};
			};
			buildConfigurationList = F1891167258B5D4100476EDD /* Build configuration list for PBXProject "DSTextViewDemo" */;
			compatibilityVersion = "Xcode 9.3";
			developmentRegion = en;
			hasScannedForEncodings = 0;
			knownRegions = (
				en,
				Base,
			);
			mainGroup = F1891163258B5D4100476EDD;
			productRefGroup = F189116D258B5D4100476EDD /* Products */;
			projectDirPath = "";
			projectRoot = "";
			targets = (
				F189116B258B5D4100476EDD /* DSTextViewDemo */,
			);
		};
/* End PBXProject section */

/* Begin PBXResourcesBuildPhase section */
		F189116A258B5D4100476EDD /* Resources */ = {
			isa = PBXResourcesBuildPhase;
			buildActionMask = 2147483647;
			files = (
				F189117C258B5D4100476EDD /* LaunchScreen.storyboard in Resources */,
				F1891179258B5D4100476EDD /* Assets.xcassets in Resources */,
				F1891177258B5D4100476EDD /* Main.storyboard in Resources */,
			);
			runOnlyForDeploymentPostprocessing = 0;
		};
/* End PBXResourcesBuildPhase section */

/* Begin PBXShellScriptBuildPhase section */
		3E1093658DD0B775D771FBF9 /* [CP] Check Pods Manifest.lock */ = {
			isa = PBXShellScriptBuildPhase;
			buildActionMask = 2147483647;
			files = (
			);
			inputFileListPaths = (
			);
			inputPaths = (
				"${PODS_PODFILE_DIR_PATH}/Podfile.lock",
				"${PODS_ROOT}/Manifest.lock",
			);
			name = "[CP] Check Pods Manifest.lock";
			outputFileListPaths = (
			);
			outputPaths = (
				"$(DERIVED_FILE_DIR)/Pods-DSTextViewDemo-checkManifestLockResult.txt",
			);
			runOnlyForDeploymentPostprocessing = 0;
			shellPath = /bin/sh;
			shellScript = "diff \"${PODS_PODFILE_DIR_PATH}/Podfile.lock\" \"${PODS_ROOT}/Manifest.lock\" > /dev/null\nif [ $? != 0 ] ; then\n    # print error to STDERR\n    echo \"error: The sandbox is not in sync with the Podfile.lock. Run 'pod install' or update your CocoaPods installation.\" >&2\n    exit 1\nfi\n# This output is used by Xcode 'outputs' to avoid re-running this script phase.\necho \"SUCCESS\" > \"${SCRIPT_OUTPUT_FILE_0}\"\n";
			showEnvVarsInLog = 0;
		};
		A5E0AAAFA309AFE261CA1008 /* [CP] Embed Pods Frameworks */ = {
			isa = PBXShellScriptBuildPhase;
			buildActionMask = 2147483647;
			files = (
			);
			inputFileListPaths = (
				"${PODS_ROOT}/Target Support Files/Pods-DSTextViewDemo/Pods-DSTextViewDemo-frameworks-${CONFIGURATION}-input-files.xcfilelist",
			);
			name = "[CP] Embed Pods Frameworks";
			outputFileListPaths = (
				"${PODS_ROOT}/Target Support Files/Pods-DSTextViewDemo/Pods-DSTextViewDemo-frameworks-${CONFIGURATION}-output-files.xcfilelist",
			);
			runOnlyForDeploymentPostprocessing = 0;
			shellPath = /bin/sh;
			shellScript = "\"${PODS_ROOT}/Target Support Files/Pods-DSTextViewDemo/Pods-DSTextViewDemo-frameworks.sh\"\n";
			showEnvVarsInLog = 0;
		};
/* End PBXShellScriptBuildPhase section */

/* Begin PBXSourcesBuildPhase section */
		F1891168258B5D4100476EDD /* Sources */ = {
			isa = PBXSourcesBuildPhase;
			buildActionMask = 2147483647;
			files = (
				F1891192258B625000476EDD /* BaseViewController.swift in Sources */,
				F143C822258B9C8D0015ED16 /* DemoViewController2.swift in Sources */,
				F143C828258B9CAD0015ED16 /* DemoViewController4.swift in Sources */,
				F1891174258B5D4100476EDD /* ViewController.swift in Sources */,
				F143C825258B9C9B0015ED16 /* DemoViewController3.swift in Sources */,
				F143C830258BA5AA0015ED16 /* CustomView.swift in Sources */,
				F1891193258B625000476EDD /* RootViewController.swift in Sources */,
				F1891170258B5D4100476EDD /* AppDelegate.swift in Sources */,
				F1891172258B5D4100476EDD /* SceneDelegate.swift in Sources */,
				F1891194258B625000476EDD /* DemoViewController1.swift in Sources */,
			);
			runOnlyForDeploymentPostprocessing = 0;
		};
/* End PBXSourcesBuildPhase section */

/* Begin PBXVariantGroup section */
		F1891175258B5D4100476EDD /* Main.storyboard */ = {
			isa = PBXVariantGroup;
			children = (
				F1891176258B5D4100476EDD /* Base */,
			);
			name = Main.storyboard;
			sourceTree = "<group>";
		};
		F189117A258B5D4100476EDD /* LaunchScreen.storyboard */ = {
			isa = PBXVariantGroup;
			children = (
				F189117B258B5D4100476EDD /* Base */,
			);
			name = LaunchScreen.storyboard;
			sourceTree = "<group>";
		};
/* End PBXVariantGroup section */

/* Begin XCBuildConfiguration section */
		F189117E258B5D4100476EDD /* Debug */ = {
			isa = XCBuildConfiguration;
			buildSettings = {
				ALWAYS_SEARCH_USER_PATHS = NO;
				CLANG_ANALYZER_NONNULL = YES;
				CLANG_ANALYZER_NUMBER_OBJECT_CONVERSION = YES_AGGRESSIVE;
				CLANG_CXX_LANGUAGE_STANDARD = "gnu++14";
				CLANG_CXX_LIBRARY = "libc++";
				CLANG_ENABLE_MODULES = YES;
				CLANG_ENABLE_OBJC_ARC = YES;
				CLANG_ENABLE_OBJC_WEAK = YES;
				CLANG_WARN_BLOCK_CAPTURE_AUTORELEASING = YES;
				CLANG_WARN_BOOL_CONVERSION = YES;
				CLANG_WARN_COMMA = YES;
				CLANG_WARN_CONSTANT_CONVERSION = YES;
				CLANG_WARN_DEPRECATED_OBJC_IMPLEMENTATIONS = YES;
				CLANG_WARN_DIRECT_OBJC_ISA_USAGE = YES_ERROR;
				CLANG_WARN_DOCUMENTATION_COMMENTS = YES;
				CLANG_WARN_EMPTY_BODY = YES;
				CLANG_WARN_ENUM_CONVERSION = YES;
				CLANG_WARN_INFINITE_RECURSION = YES;
				CLANG_WARN_INT_CONVERSION = YES;
				CLANG_WARN_NON_LITERAL_NULL_CONVERSION = YES;
				CLANG_WARN_OBJC_IMPLICIT_RETAIN_SELF = YES;
				CLANG_WARN_OBJC_LITERAL_CONVERSION = YES;
				CLANG_WARN_OBJC_ROOT_CLASS = YES_ERROR;
				CLANG_WARN_QUOTED_INCLUDE_IN_FRAMEWORK_HEADER = YES;
				CLANG_WARN_RANGE_LOOP_ANALYSIS = YES;
				CLANG_WARN_STRICT_PROTOTYPES = YES;
				CLANG_WARN_SUSPICIOUS_MOVE = YES;
				CLANG_WARN_UNGUARDED_AVAILABILITY = YES_AGGRESSIVE;
				CLANG_WARN_UNREACHABLE_CODE = YES;
				CLANG_WARN__DUPLICATE_METHOD_MATCH = YES;
				COPY_PHASE_STRIP = NO;
				DEBUG_INFORMATION_FORMAT = dwarf;
				ENABLE_STRICT_OBJC_MSGSEND = YES;
				ENABLE_TESTABILITY = YES;
				GCC_C_LANGUAGE_STANDARD = gnu11;
				GCC_DYNAMIC_NO_PIC = NO;
				GCC_NO_COMMON_BLOCKS = YES;
				GCC_OPTIMIZATION_LEVEL = 0;
				GCC_PREPROCESSOR_DEFINITIONS = (
					"DEBUG=1",
					"$(inherited)",
				);
				GCC_WARN_64_TO_32_BIT_CONVERSION = YES;
				GCC_WARN_ABOUT_RETURN_TYPE = YES_ERROR;
				GCC_WARN_UNDECLARED_SELECTOR = YES;
				GCC_WARN_UNINITIALIZED_AUTOS = YES_AGGRESSIVE;
				GCC_WARN_UNUSED_FUNCTION = YES;
				GCC_WARN_UNUSED_VARIABLE = YES;
				IPHONEOS_DEPLOYMENT_TARGET = 14.3;
				MTL_ENABLE_DEBUG_INFO = INCLUDE_SOURCE;
				MTL_FAST_MATH = YES;
				ONLY_ACTIVE_ARCH = YES;
				SDKROOT = iphoneos;
				SWIFT_ACTIVE_COMPILATION_CONDITIONS = DEBUG;
				SWIFT_OPTIMIZATION_LEVEL = "-Onone";
			};
			name = Debug;
		};
		F189117F258B5D4100476EDD /* Release */ = {
			isa = XCBuildConfiguration;
			buildSettings = {
				ALWAYS_SEARCH_USER_PATHS = NO;
				CLANG_ANALYZER_NONNULL = YES;
				CLANG_ANALYZER_NUMBER_OBJECT_CONVERSION = YES_AGGRESSIVE;
				CLANG_CXX_LANGUAGE_STANDARD = "gnu++14";
				CLANG_CXX_LIBRARY = "libc++";
				CLANG_ENABLE_MODULES = YES;
				CLANG_ENABLE_OBJC_ARC = YES;
				CLANG_ENABLE_OBJC_WEAK = YES;
				CLANG_WARN_BLOCK_CAPTURE_AUTORELEASING = YES;
				CLANG_WARN_BOOL_CONVERSION = YES;
				CLANG_WARN_COMMA = YES;
				CLANG_WARN_CONSTANT_CONVERSION = YES;
				CLANG_WARN_DEPRECATED_OBJC_IMPLEMENTATIONS = YES;
				CLANG_WARN_DIRECT_OBJC_ISA_USAGE = YES_ERROR;
				CLANG_WARN_DOCUMENTATION_COMMENTS = YES;
				CLANG_WARN_EMPTY_BODY = YES;
				CLANG_WARN_ENUM_CONVERSION = YES;
				CLANG_WARN_INFINITE_RECURSION = YES;
				CLANG_WARN_INT_CONVERSION = YES;
				CLANG_WARN_NON_LITERAL_NULL_CONVERSION = YES;
				CLANG_WARN_OBJC_IMPLICIT_RETAIN_SELF = YES;
				CLANG_WARN_OBJC_LITERAL_CONVERSION = YES;
				CLANG_WARN_OBJC_ROOT_CLASS = YES_ERROR;
				CLANG_WARN_QUOTED_INCLUDE_IN_FRAMEWORK_HEADER = YES;
				CLANG_WARN_RANGE_LOOP_ANALYSIS = YES;
				CLANG_WARN_STRICT_PROTOTYPES = YES;
				CLANG_WARN_SUSPICIOUS_MOVE = YES;
				CLANG_WARN_UNGUARDED_AVAILABILITY = YES_AGGRESSIVE;
				CLANG_WARN_UNREACHABLE_CODE = YES;
				CLANG_WARN__DUPLICATE_METHOD_MATCH = YES;
				COPY_PHASE_STRIP = NO;
				DEBUG_INFORMATION_FORMAT = "dwarf-with-dsym";
				ENABLE_NS_ASSERTIONS = NO;
				ENABLE_STRICT_OBJC_MSGSEND = YES;
				GCC_C_LANGUAGE_STANDARD = gnu11;
				GCC_NO_COMMON_BLOCKS = YES;
				GCC_WARN_64_TO_32_BIT_CONVERSION = YES;
				GCC_WARN_ABOUT_RETURN_TYPE = YES_ERROR;
				GCC_WARN_UNDECLARED_SELECTOR = YES;
				GCC_WARN_UNINITIALIZED_AUTOS = YES_AGGRESSIVE;
				GCC_WARN_UNUSED_FUNCTION = YES;
				GCC_WARN_UNUSED_VARIABLE = YES;
				IPHONEOS_DEPLOYMENT_TARGET = 14.3;
				MTL_ENABLE_DEBUG_INFO = NO;
				MTL_FAST_MATH = YES;
				SDKROOT = iphoneos;
				SWIFT_COMPILATION_MODE = wholemodule;
				SWIFT_OPTIMIZATION_LEVEL = "-O";
				VALIDATE_PRODUCT = YES;
			};
			name = Release;
		};
		F1891181258B5D4100476EDD /* Debug */ = {
			isa = XCBuildConfiguration;
			baseConfigurationReference = 03ED3269A7A1D5257A5F13B8 /* Pods-DSTextViewDemo.debug.xcconfig */;
			buildSettings = {
				ASSETCATALOG_COMPILER_APPICON_NAME = AppIcon;
				ASSETCATALOG_COMPILER_GLOBAL_ACCENT_COLOR_NAME = AccentColor;
				CODE_SIGN_STYLE = Automatic;
				DEVELOPMENT_TEAM = 3U34V92LTL;
				INFOPLIST_FILE = DSTextViewDemo/Info.plist;
				LD_RUNPATH_SEARCH_PATHS = (
					"$(inherited)",
					"@executable_path/Frameworks",
				);
				PRODUCT_BUNDLE_IDENTIFIER = com.dream.swp.DSTextViewDemo;
				PRODUCT_NAME = "$(TARGET_NAME)";
				SWIFT_VERSION = 5.0;
				TARGETED_DEVICE_FAMILY = "1,2";
			};
			name = Debug;
		};
		F1891182258B5D4100476EDD /* Release */ = {
			isa = XCBuildConfiguration;
			baseConfigurationReference = 881B1F0FFD19E77EC09DED2B /* Pods-DSTextViewDemo.release.xcconfig */;
			buildSettings = {
				ASSETCATALOG_COMPILER_APPICON_NAME = AppIcon;
				ASSETCATALOG_COMPILER_GLOBAL_ACCENT_COLOR_NAME = AccentColor;
				CODE_SIGN_STYLE = Automatic;
				DEVELOPMENT_TEAM = 3U34V92LTL;
				INFOPLIST_FILE = DSTextViewDemo/Info.plist;
				LD_RUNPATH_SEARCH_PATHS = (
					"$(inherited)",
					"@executable_path/Frameworks",
				);
				PRODUCT_BUNDLE_IDENTIFIER = com.dream.swp.DSTextViewDemo;
				PRODUCT_NAME = "$(TARGET_NAME)";
				SWIFT_VERSION = 5.0;
				TARGETED_DEVICE_FAMILY = "1,2";
			};
			name = Release;
		};
/* End XCBuildConfiguration section */

/* Begin XCConfigurationList section */
		F1891167258B5D4100476EDD /* Build configuration list for PBXProject "DSTextViewDemo" */ = {
			isa = XCConfigurationList;
			buildConfigurations = (
				F189117E258B5D4100476EDD /* Debug */,
				F189117F258B5D4100476EDD /* Release */,
			);
			defaultConfigurationIsVisible = 0;
			defaultConfigurationName = Release;
		};
		F1891180258B5D4100476EDD /* Build configuration list for PBXNativeTarget "DSTextViewDemo" */ = {
			isa = XCConfigurationList;
			buildConfigurations = (
				F1891181258B5D4100476EDD /* Debug */,
				F1891182258B5D4100476EDD /* Release */,
			);
			defaultConfigurationIsVisible = 0;
			defaultConfigurationName = Release;
		};
/* End XCConfigurationList section */
	};
	rootObject = F1891164258B5D4100476EDD /* Project object */;
}
